
Microsoft Visual Studio Solution File, Format Version 12.00
# Visual Studio Version 17
VisualStudioVersion = 17.9.34616.47
MinimumVisualStudioVersion = 10.0.40219.1
Project("{FAE04EC0-301F-11D3-BF4B-00C04F79EFBC}") = "PaymentAPI", "PaymentAPI\PaymentAPI.csproj", "{DC36E8CB-9E5D-4D58-93B5-B1891046C6B5}"
EndProject
Global
	GlobalSection(SolutionConfigurationPlatforms) = preSolution
		Debug|Any CPU = Debug|Any CPU
		Release|Any CPU = Release|Any CPU
	EndGlobalSection
	GlobalSection(ProjectConfigurationPlatforms) = postSolution
		{DC36E8CB-9E5D-4D58-93B5-B1891046C6B5}.Debug|Any CPU.ActiveCfg = Debug|Any CPU
		{DC36E8CB-9E5D-4D58-93B5-B1891046C6B5}.Debug|Any CPU.Build.0 = Debug|Any CPU
		{DC36E8CB-9E5D-4D58-93B5-B1891046C6B5}.Release|Any CPU.ActiveCfg = Release|Any CPU
		{DC36E8CB-9E5D-4D58-93B5-B1891046C6B5}.Release|Any CPU.Build.0 = Release|Any CPU
	EndGlobalSection
	GlobalSection(SolutionProperties) = preSolution
		HideSolutionNode = FALSE
	EndGlobalSection
	GlobalSection(ExtensibilityGlobals) = postSolution
		SolutionGuid = {208F9A6F-59D4-4EAB-A4E9-E006A608E37E}
	EndGlobalSection
EndGlobal
